
Microsoft Visual Studio Solution File, Format Version 12.00
# Visual Studio Version 17
VisualStudioVersion = 17.14.36401.2 d17.14
MinimumVisualStudioVersion = 10.0.40219.1
Project("{FAE04EC0-301F-11D3-BF4B-00C04F79EFBC}") = "NoNameLudovik.Calculator", "NoNameLudovik.Calculator\NoNameLudovik.Calculator.csproj", "{853198D5-2BC6-4A9C-82F4-24EBF3639E9B}"
EndProject
Global
	GlobalSection(SolutionConfigurationPlatforms) = preSolution
		Debug|Any CPU = Debug|Any CPU
		Release|Any CPU = Release|Any CPU
	EndGlobalSection
	GlobalSection(ProjectConfigurationPlatforms) = postSolution
		{853198D5-2BC6-4A9C-82F4-24EBF3639E9B}.Debug|Any CPU.ActiveCfg = Debug|Any CPU
		{853198D5-2BC6-4A9C-82F4-24EBF3639E9B}.Debug|Any CPU.Build.0 = Debug|Any CPU
		{853198D5-2BC6-4A9C-82F4-24EBF3639E9B}.Release|Any CPU.ActiveCfg = Release|Any CPU
		{853198D5-2BC6-4A9C-82F4-24EBF3639E9B}.Release|Any CPU.Build.0 = Release|Any CPU
	EndGlobalSection
	GlobalSection(SolutionProperties) = preSolution
		HideSolutionNode = FALSE
	EndGlobalSection
	GlobalSection(ExtensibilityGlobals) = postSolution
		SolutionGuid = {C1943763-890F-4304-82E1-128BDA921FA1}
	EndGlobalSection
EndGlobal
